
Microsoft Visual Studio Solution File, Format Version 12.00
# Visual Studio Version 17
VisualStudioVersion = 17.11.35017.193
MinimumVisualStudioVersion = 10.0.40219.1
Project("{FAE04EC0-301F-11D3-BF4B-00C04F79EFBC}") = "updateDelte", "updateDelte\updateDelte.csproj", "{96DE9C34-3F86-4E7B-84FF-EC0EDE7BD352}"
EndProject
Global
	GlobalSection(SolutionConfigurationPlatforms) = preSolution
		Debug|Any CPU = Debug|Any CPU
		Release|Any CPU = Release|Any CPU
	EndGlobalSection
	GlobalSection(ProjectConfigurationPlatforms) = postSolution
		{96DE9C34-3F86-4E7B-84FF-EC0EDE7BD352}.Debug|Any CPU.ActiveCfg = Debug|Any CPU
		{96DE9C34-3F86-4E7B-84FF-EC0EDE7BD352}.Debug|Any CPU.Build.0 = Debug|Any CPU
		{96DE9C34-3F86-4E7B-84FF-EC0EDE7BD352}.Release|Any CPU.ActiveCfg = Release|Any CPU
		{96DE9C34-3F86-4E7B-84FF-EC0EDE7BD352}.Release|Any CPU.Build.0 = Release|Any CPU
	EndGlobalSection
	GlobalSection(SolutionProperties) = preSolution
		HideSolutionNode = FALSE
	EndGlobalSection
	GlobalSection(ExtensibilityGlobals) = postSolution
		SolutionGuid = {861D0539-8BC2-479C-9506-A20D4A736DE8}
	EndGlobalSection
EndGlobal
